
Microsoft Visual Studio Solution File, Format Version 12.00
# Visual Studio Version 17
VisualStudioVersion = 17.5.33516.290
MinimumVisualStudioVersion = 10.0.40219.1
Project("{9A19103F-16F7-4668-BE54-9A1E7A4F7556}") = "NetworkUsageTracker", "NetworkUsageTracker\NetworkUsageTracker.csproj", "{15D3234E-C91A-4BB0-A02B-DE875EEB82D0}"
EndProject
Project("{9A19103F-16F7-4668-BE54-9A1E7A4F7556}") = "NetworkUsageTracker_Tests", "NetworkUsageTracker_Tests\NetworkUsageTracker_Tests.csproj", "{04D8CA78-60E1-4C0A-BEC9-77D5AA9BD991}"
EndProject
Project("{FAE04EC0-301F-11D3-BF4B-00C04F79EFBC}") = "NetworkUsageTracker_App", "NetworkUsageTracker_App\NetworkUsageTracker_App.csproj", "{5A2C9111-0071-4FF5-8339-03346FC97707}"
EndProject
Project("{FAE04EC0-301F-11D3-BF4B-00C04F79EFBC}") = "NetworkUsageTracker_NetFramework", "NetworkUsageTracker_NetFramework\NetworkUsageTracker_NetFramework.csproj", "{C281D196-BCD8-4FED-84ED-5C51A6C8026C}"
EndProject
Global
	GlobalSection(SolutionConfigurationPlatforms) = preSolution
		Debug|Any CPU = Debug|Any CPU
		Release|Any CPU = Release|Any CPU
	EndGlobalSection
	GlobalSection(ProjectConfigurationPlatforms) = postSolution
		{15D3234E-C91A-4BB0-A02B-DE875EEB82D0}.Debug|Any CPU.ActiveCfg = Debug|Any CPU
		{15D3234E-C91A-4BB0-A02B-DE875EEB82D0}.Debug|Any CPU.Build.0 = Debug|Any CPU
		{15D3234E-C91A-4BB0-A02B-DE875EEB82D0}.Release|Any CPU.ActiveCfg = Release|Any CPU
		{15D3234E-C91A-4BB0-A02B-DE875EEB82D0}.Release|Any CPU.Build.0 = Release|Any CPU
		{04D8CA78-60E1-4C0A-BEC9-77D5AA9BD991}.Debug|Any CPU.ActiveCfg = Debug|Any CPU
		{04D8CA78-60E1-4C0A-BEC9-77D5AA9BD991}.Debug|Any CPU.Build.0 = Debug|Any CPU
		{04D8CA78-60E1-4C0A-BEC9-77D5AA9BD991}.Release|Any CPU.ActiveCfg = Release|Any CPU
		{04D8CA78-60E1-4C0A-BEC9-77D5AA9BD991}.Release|Any CPU.Build.0 = Release|Any CPU
		{5A2C9111-0071-4FF5-8339-03346FC97707}.Debug|Any CPU.ActiveCfg = Debug|Any CPU
		{5A2C9111-0071-4FF5-8339-03346FC97707}.Debug|Any CPU.Build.0 = Debug|Any CPU
		{5A2C9111-0071-4FF5-8339-03346FC97707}.Release|Any CPU.ActiveCfg = Release|Any CPU
		{5A2C9111-0071-4FF5-8339-03346FC97707}.Release|Any CPU.Build.0 = Release|Any CPU
		{C281D196-BCD8-4FED-84ED-5C51A6C8026C}.Debug|Any CPU.ActiveCfg = Debug|Any CPU
		{C281D196-BCD8-4FED-84ED-5C51A6C8026C}.Debug|Any CPU.Build.0 = Debug|Any CPU
		{C281D196-BCD8-4FED-84ED-5C51A6C8026C}.Release|Any CPU.ActiveCfg = Release|Any CPU
		{C281D196-BCD8-4FED-84ED-5C51A6C8026C}.Release|Any CPU.Build.0 = Release|Any CPU
	EndGlobalSection
	GlobalSection(SolutionProperties) = preSolution
		HideSolutionNode = FALSE
	EndGlobalSection
	GlobalSection(ExtensibilityGlobals) = postSolution
		SolutionGuid = {1C9AC9BC-402B-49BB-83E3-221B40767515}
	EndGlobalSection
EndGlobal
